PackratFormat: 1.4
PackratVersion: 0.5.0
RVersion: 3.5.2
Repos: CRAN=https://cloud.r-project.org

Package: BH
Source: CRAN
Version: 1.69.0-1
Hash: 15f597ed227897f4f793b6161260f4b9

Package: Ckmeans.1d.dp
Source: CRAN
Version: 4.2.2
Hash: 3ad007d5afdb3460d346f007267950b8
Requires: Rcpp

Package: DiagrammeR
Source: CRAN
Version: 1.0.0
Hash: 09fbb1773ad6bf64dd4e8b2ea4f2bea4
Requires: RColorBrewer, downloader, dplyr, glue, htmltools,
    htmlwidgets, igraph, influenceR, magrittr, purrr, readr, rgexf,
    rlang, rstudioapi, scales, stringr, tibble, tidyr, viridis,
    visNetwork

Package: DiagrammeRsvg
Source: github
Version: 0.1
Hash: 6516daf723a91cd462a7301a9202f50f
Requires: V8
GithubRepo: DiagrammeRsvg
GithubUsername: rich-iannone
GithubRef: master
GithubSha1: 7b600c882458774c655bcd5703d5eec3d3bc83a1
RemoteHost: api.github.com
RemoteRepo: DiagrammeRsvg
RemoteUsername: rich-iannone
RemoteRef: master
RemoteSha: 7b600c882458774c655bcd5703d5eec3d3bc83a1

Package: DiceKriging
Source: CRAN
Version: 1.5.6
Hash: 11d1649d331b83f44076c5b89d157e7e

Package: GGally
Source: CRAN
Version: 1.4.0
Hash: ddfba619da7507c82edd1ad963c8dc3f
Requires: RColorBrewer, ggplot2, gtable, plyr, progress, reshape, rlang

Package: MASS
Source: CRAN
Version: 7.3-51.1
Hash: af8e6922880d7f071829628198cc3f13

Package: Matrix
Source: CRAN
Version: 1.2-15
Hash: d1bdb46e08828615f3182e2e0375f86a
Requires: lattice

Package: R6
Source: CRAN
Version: 2.4.0
Hash: 948a547c484e5bea15eee76cc53cce3f

Package: RColorBrewer
Source: CRAN
Version: 1.1-2
Hash: c0d56cd15034f395874c870141870c25

Package: Rcpp
Source: CRAN
Version: 1.0.0
Hash: c7273c0f0bc9f5e41f4c52a8cf571f0f

Package: RcppEigen
Source: CRAN
Version: 0.3.3.5.0
Hash: 92d40b66f5887ac67e1acf8419df54ab
Requires: Matrix, Rcpp

Package: RgoogleMaps
Source: CRAN
Version: 1.4.3
Hash: 19c123656db3d1b22e0cd4d40edc819a
Requires: png

Package: Rook
Source: CRAN
Version: 1.1-1
Hash: d53d9e345096f5c8b5c535dfe9175e2f
Requires: brew

Package: V8
Source: CRAN
Version: 2.0
Hash: 24f207ed008c2a8f335d03695d08894e
Requires: Rcpp, curl, jsonlite

Package: XML
Source: CRAN
Version: 3.98-1.17
Hash: d5fcc1369137ba6a5a7d4b41ac58c9bd

Package: askpass
Source: CRAN
Version: 1.1
Hash: 6f6c430e3cd0dd7d48f447700f4d7e7f
Requires: sys

Package: assertthat
Source: CRAN
Version: 0.2.0
Hash: e8805df54c65ac96d50235c44a82615c

Package: backports
Source: CRAN
Version: 1.1.3
Hash: a0b8191e6bd2fe71aadd4678bb8f3c98

Package: bitops
Source: CRAN
Version: 1.0-6
Hash: 67d0775189fd0041d95abca618c5c07e

Package: brew
Source: CRAN
Version: 1.0-6
Hash: 931f9972deae0f205e1c78a51f33149b

Package: callr
Source: CRAN
Version: 3.1.1
Hash: 461cdebafe2c1cfc23ddc37527633185
Requires: R6, processx

Package: cli
Source: CRAN
Version: 1.0.1
Hash: a742a3229dbf7085c3a737af10e5065b
Requires: assertthat, crayon

Package: clipr
Source: CRAN
Version: 0.5.0
Hash: 9d588163f9234a17c6ad03d148db999d

Package: clisymbols
Source: CRAN
Version: 1.2.0
Hash: a76a309884277a4fd8a5d741965fbef5

Package: colorspace
Source: CRAN
Version: 1.4-0
Hash: 5eef58a5bcfd315a326eeaf43720cd26

Package: crayon
Source: CRAN
Version: 1.3.4
Hash: ff2840dd9b0d563fc80377a5a45510cd

Package: curl
Source: CRAN
Version: 3.3
Hash: b201f64e6e1469e8a3571c746ffa9059

Package: data.table
Source: CRAN
Version: 1.12.0
Hash: d382bb97e2d9dd05ad8070e41513dcb1

Package: desc
Source: CRAN
Version: 1.2.0
Hash: a0a3ca939997679a52816bae4ed6aaae
Requires: R6, assertthat, crayon, rprojroot

Package: devtools
Source: CRAN
Version: 2.0.1
Hash: 4da83470ae57bd2db0ac06e91b1d3a08
Requires: callr, cli, digest, git2r, httr, jsonlite, memoise, pkgbuild,
    pkgload, rcmdcheck, remotes, rstudioapi, sessioninfo, usethis,
    withr

Package: digest
Source: CRAN
Version: 0.6.18
Hash: 65f62365ec69ddd17230d2ffe891a6ab

Package: downloader
Source: CRAN
Version: 0.4
Hash: c99f05ffa816e03ece87b37ea9d4f0ed
Requires: digest

Package: dplyr
Source: CRAN
Version: 0.8.0.1
Hash: a6547ccd9975f65dac0e46ce4b4e324e
Requires: BH, R6, Rcpp, assertthat, glue, magrittr, pkgconfig, plogr,
    rlang, tibble, tidyselect

Package: fansi
Source: CRAN
Version: 0.4.0
Hash: f147621f72b561485bfffcae78c4f5d5

Package: fs
Source: CRAN
Version: 1.2.6
Hash: 8ffb8b293a18e26e435465307cc47f75
Requires: Rcpp

Package: ggmap
Source: CRAN
Version: 3.0.0
Hash: d5a5076e48affb376046c80907b5bb71
Requires: RgoogleMaps, bitops, digest, dplyr, ggplot2, glue, httr,
    jpeg, magrittr, plyr, png, purrr, rjson, scales, stringr, tibble,
    tidyr

Package: ggplot2
Source: CRAN
Version: 3.1.0
Hash: ef541b05dda10b209d509b5bbaf46ea3
Requires: MASS, digest, gtable, lazyeval, mgcv, plyr, reshape2, rlang,
    scales, tibble, viridisLite, withr

Package: gh
Source: CRAN
Version: 1.0.1
Hash: 3f8812accd1320227d744bca620e8c42
Requires: httr, ini, jsonlite

Package: git2r
Source: CRAN
Version: 0.24.0
Hash: c0f2721353aeed78bbc579bfeda4be40

Package: glue
Source: CRAN
Version: 1.3.0
Hash: 1fbde6dec830370be696eee8ef31c9e4

Package: grf
Source: CRAN
Version: 0.10.2
Hash: 6f51fc415fe46ce299dc4f568c1d9cc4
Requires: DiagrammeR, DiceKriging, Matrix, Rcpp, RcppEigen, lmtest,
    sandwich

Package: gridExtra
Source: CRAN
Version: 2.3
Hash: fa977bc1aab5588a08123b10ceb1ad3d
Requires: gtable

Package: gtable
Source: CRAN
Version: 0.2.0
Hash: cd78381a9d3fea966ac39bd0daaf5554

Package: here
Source: CRAN
Version: 0.1
Hash: 90e1a97508a0d7383b0eeb11e397e763
Requires: rprojroot

Package: hms
Source: CRAN
Version: 0.4.2
Hash: b4096a4f6a6736138e9a825c2baaacf0
Requires: pkgconfig, rlang

Package: htmltools
Source: CRAN
Version: 0.3.6
Hash: 9707abea0a9b7406e98fb1242e97e1f6
Requires: Rcpp, digest

Package: htmlwidgets
Source: CRAN
Version: 1.3
Hash: 17a2248b5e40383a1cb1a4e4cb5f9c7a
Requires: htmltools, jsonlite, yaml

Package: httr
Source: CRAN
Version: 1.4.0
Hash: 62d62d3ffcc9a34411b6e35a813f72dd
Requires: R6, curl, jsonlite, mime, openssl

Package: igraph
Source: CRAN
Version: 1.2.4
Hash: cfd61842ae5c3055c7b56731f6c9cfac
Requires: Matrix, magrittr, pkgconfig

Package: influenceR
Source: CRAN
Version: 0.1.0
Hash: 74fa4b51bb8c4ee841f712d40dbf5f13
Requires: Matrix, igraph

Package: ini
Source: CRAN
Version: 0.3.1
Hash: 9d6de5178c1cedabfb24e7d2acc9a092

Package: jpeg
Source: CRAN
Version: 0.1-8
Hash: 189af3df9864c6aa8546033f08ba9358

Package: jsonlite
Source: CRAN
Version: 1.6
Hash: 5f969e213e966135393e3e304abf3f49

Package: labeling
Source: CRAN
Version: 0.3
Hash: ecf589b42cd284b03a4beb9665482d3e

Package: lattice
Source: CRAN
Version: 0.20-38
Hash: 45211081d39bb6d5a89fd789105901aa

Package: lazyeval
Source: CRAN
Version: 0.2.1
Hash: 88926ad9c43581fd0822a37c8ed09f05

Package: lmtest
Source: CRAN
Version: 0.9-36
Hash: aaf95b40d99cccc972577db493bea691
Requires: zoo

Package: magrittr
Source: CRAN
Version: 1.5
Hash: bdc4d48c3135e8f3b399536ddf160df4

Package: memoise
Source: CRAN
Version: 1.1.0
Hash: 410fcd334bc626db100237cc1370f2e9
Requires: digest

Package: mgcv
Source: CRAN
Version: 1.8-27
Hash: ea84e8ca58f9b2dc99be628600f470d1
Requires: Matrix, nlme

Package: mime
Source: CRAN
Version: 0.6
Hash: 2ed8f98b8284ad733f3907fc6e2f1334

Package: munsell
Source: CRAN
Version: 0.5.0
Hash: 38d0efee9bb99bef143bde41c4ce715c
Requires: colorspace

Package: nlme
Source: CRAN
Version: 3.1-137
Hash: 6166071071587a867cbe534e84fc5c0c
Requires: lattice

Package: openssl
Source: CRAN
Version: 1.2.1
Hash: c3c2751a977ed402ec7a2a32698fb533
Requires: askpass

Package: packrat
Source: CRAN
Version: 0.5.0
Hash: 498643e765d1442ba7b1160a1df3abf9

Package: pillar
Source: CRAN
Version: 1.3.1
Hash: 9ed4c2a5d3047bfba3e852ad5e806d91
Requires: cli, crayon, fansi, rlang, utf8

Package: pkgbuild
Source: CRAN
Version: 1.0.2
Hash: 770e918f4c389e4fef9a891d043bf84f
Requires: R6, callr, cli, crayon, desc, prettyunits, rprojroot, withr

Package: pkgconfig
Source: CRAN
Version: 2.0.2
Hash: b0fd6ed908e150b77e5f00c6478bd58c

Package: pkgload
Source: CRAN
Version: 1.0.2
Hash: 41eb2db35be61f6f9e8864cf87a1ecb0
Requires: desc, pkgbuild, rlang, rprojroot, rstudioapi, withr

Package: plogr
Source: CRAN
Version: 0.2.0
Hash: 81a8008a5e7858552503935f1abe48aa

Package: plyr
Source: CRAN
Version: 1.8.4
Hash: ec185c885aab7ec91693d78c20cb5d1a
Requires: Rcpp

Package: png
Source: CRAN
Version: 0.1-7
Hash: 421d7d6e0fb4bd885ecbd909b6456b8b

Package: prettyunits
Source: CRAN
Version: 1.0.2
Hash: 49286102a855640daaa38eafe8b1ec30
Requires: assertthat, magrittr

Package: processx
Source: CRAN
Version: 3.2.1
Hash: fdc6a66626b75f96ee28ffc770d9ebd7
Requires: R6, ps

Package: progress
Source: CRAN
Version: 1.2.0
Hash: 0ff5f631b66daf57857f28062f3e6f30
Requires: R6, crayon, hms, prettyunits

Package: ps
Source: CRAN
Version: 1.3.0
Hash: 1d4cae95887ffe5b1a22bea5994476cd

Package: purrr
Source: CRAN
Version: 0.3.0
Hash: 39be04d964bc2b860f09147ce4b8e2ef
Requires: magrittr, rlang

Package: ranger
Source: CRAN
Version: 0.11.1
Hash: ef007dd7f4fc2615a969f868abfb10ed
Requires: Matrix, Rcpp, RcppEigen

Package: rcmdcheck
Source: CRAN
Version: 1.3.2
Hash: 162a63e909423b7c5f44c30711135481
Requires: R6, callr, cli, crayon, desc, digest, pkgbuild, prettyunits,
    rprojroot, sessioninfo, withr, xopen

Package: readr
Source: CRAN
Version: 1.3.1
Hash: 8e826fd33ba49b3fc327fd9e3b033713
Requires: BH, R6, Rcpp, clipr, crayon, hms, tibble

Package: remotes
Source: CRAN
Version: 2.0.2
Hash: cfcf5e119ed5e6af4b47530ba59101f3

Package: reshape
Source: CRAN
Version: 0.8.8
Hash: 77b6a96819c0a99bbfc141526b60ce5a
Requires: plyr

Package: reshape2
Source: CRAN
Version: 1.4.3
Hash: c950c8ac85b81209635acb3ce21b4cce
Requires: Rcpp, plyr, stringr

Package: rgexf
Source: CRAN
Version: 0.15.3
Hash: c1658eebadcdd6c354a013feea30ce94
Requires: Rook, XML, igraph

Package: rjson
Source: CRAN
Version: 0.2.20
Hash: 44ee331003bf03b92e97b3089461dd2f

Package: rlang
Source: CRAN
Version: 0.3.1
Hash: 1176a91e0c23d4fc8f48bc5704a6f826

Package: rpart
Source: CRAN
Version: 4.1-13
Hash: 1d1f155d009e010e7d6634a90a87cead

Package: rpart.plot
Source: CRAN
Version: 3.0.6
Hash: 8cddd4ee18de76ade1fc719e88543ce3
Requires: rpart

Package: rprojroot
Source: CRAN
Version: 1.3-2
Hash: a25c3f70c166fb3fbabc410eb32b6366
Requires: backports

Package: rstudioapi
Source: CRAN
Version: 0.9.0
Hash: e5e648a0944df6ea634d8173d09e236f

Package: rsvg
Source: CRAN
Version: 1.3
Hash: 32b21e447e53b7cf3d7968b87c5b927b

Package: sandwich
Source: CRAN
Version: 2.5-0
Hash: 201b5a923ae0b79234d42e66ec3adb54
Requires: zoo

Package: scales
Source: CRAN
Version: 1.0.0
Hash: 7d9b717abcec656ae7c5c982d72b75e5
Requires: R6, RColorBrewer, Rcpp, labeling, munsell, viridisLite

Package: sessioninfo
Source: CRAN
Version: 1.1.1
Hash: 9e50c8458e611f166ba702277cbb5096
Requires: cli, withr

Package: stringi
Source: CRAN
Version: 1.3.1
Hash: 2618ed9608445399e7c431b0e80bfbfd

Package: stringr
Source: CRAN
Version: 1.4.0
Hash: 67da32dbb2a7a16f2ef124336358e54a
Requires: glue, magrittr, stringi

Package: sys
Source: CRAN
Version: 2.1
Hash: 5ce312d2f816b21f602cb81fe4659a0b

Package: tibble
Source: CRAN
Version: 2.0.1
Hash: d2a00b9a314cfad8f6b51e2c97aaff5c
Requires: cli, crayon, fansi, pillar, pkgconfig, rlang

Package: tidyr
Source: CRAN
Version: 0.8.2
Hash: 9ff92b9b3c11dfcd94d179b75b85c668
Requires: Rcpp, dplyr, glue, magrittr, purrr, rlang, stringi, tibble,
    tidyselect

Package: tidyselect
Source: CRAN
Version: 0.2.5
Hash: fad1cf10c5c4996fca6ca68e0716d2e6
Requires: Rcpp, glue, purrr, rlang

Package: usethis
Source: CRAN
Version: 1.4.0
Hash: bdf0ce7802818c5dfc592dd73d62db5b
Requires: clipr, clisymbols, crayon, curl, desc, fs, gh, git2r, glue,
    rlang, rprojroot, rstudioapi, whisker

Package: utf8
Source: CRAN
Version: 1.1.4
Hash: f3f97ce59092abc8ed3fd098a59e236c

Package: viridis
Source: CRAN
Version: 0.5.1
Hash: 39edaec2078b4fc928afb73cc1ce6625
Requires: ggplot2, gridExtra, viridisLite

Package: viridisLite
Source: CRAN
Version: 0.3.0
Hash: 78bb072c4f9e729a283d4c40ec93f9c6

Package: visNetwork
Source: CRAN
Version: 2.0.5
Hash: 30ff6dc4fd15cd5c4ee60c0a8ab9e4e8
Requires: htmltools, htmlwidgets, jsonlite, magrittr

Package: whisker
Source: CRAN
Version: 0.3-2
Hash: 803d662762e532705c2c066a82d066e7

Package: withr
Source: CRAN
Version: 2.1.2
Hash: d534108bcd5f34ec73e9eb523751ba20

Package: xgboost
Source: CRAN
Version: 0.81.0.1
Hash: e08533ef46060f96c6b4ee515ff9f37f
Requires: Matrix, data.table, magrittr, stringi

Package: xopen
Source: CRAN
Version: 1.0.0
Hash: 22c2708f177f9fd9f8a52012bac61d6a
Requires: processx

Package: yaml
Source: CRAN
Version: 2.2.0
Hash: a5ad5616d83d89f8d84cbf3cf4034e13

Package: zoo
Source: CRAN
Version: 1.8-4
Hash: 9cab6bfac22671b8cbdecbb94585f07c
Requires: lattice
